// !$*UTF8*$!
{
	archiveVersion = 1;
	classes = {
	};
	objectVersion = 50;
	objects = {

/* Begin PBXBuildFile section */
		035DA8A8269C5434007E8A6E /* DateCustomCollectionViewCell.swift in Sources */ = {isa = PBXBuildFile; fileRef = 035DA8A7269C5434007E8A6E /* DateCustomCollectionViewCell.swift */; };
		036A83092696CE2800045A7A /* AppDelegate.swift in Sources */ = {isa = PBXBuildFile; fileRef = 036A83082696CE2800045A7A /* AppDelegate.swift */; };
		036A830B2696CE2800045A7A /* SceneDelegate.swift in Sources */ = {isa = PBXBuildFile; fileRef = 036A830A2696CE2800045A7A /* SceneDelegate.swift */; };
		036A830D2696CE2800045A7A /* ViewController.swift in Sources */ = {isa = PBXBuildFile; fileRef = 036A830C2696CE2800045A7A /* ViewController.swift */; };
		036A83102696CE2800045A7A /* Main.storyboard in Resources */ = {isa = PBXBuildFile; fileRef = 036A830E2696CE2800045A7A /* Main.storyboard */; };
		036A83132696CE2800045A7A /* Cinema.xcdatamodeld in Sources */ = {isa = PBXBuildFile; fileRef = 036A83112696CE2800045A7A /* Cinema.xcdatamodeld */; };
		036A83152696CE3000045A7A /* Assets.xcassets in Resources */ = {isa = PBXBuildFile; fileRef = 036A83142696CE3000045A7A /* Assets.xcassets */; };
		036A83182696CE3000045A7A /* LaunchScreen.storyboard in Resources */ = {isa = PBXBuildFile; fileRef = 036A83162696CE3000045A7A /* LaunchScreen.storyboard */; };
		036A83242696CF5B00045A7A /* Film.swift in Sources */ = {isa = PBXBuildFile; fileRef = 036A83232696CF5B00045A7A /* Film.swift */; };
		036A83262696D02400045A7A /* FilmService.swift in Sources */ = {isa = PBXBuildFile; fileRef = 036A83252696D02400045A7A /* FilmService.swift */; };
		03ABB0C826981B4600E56E03 /* CustomCollectionViewCell.swift in Sources */ = {isa = PBXBuildFile; fileRef = 03ABB0C726981B4600E56E03 /* CustomCollectionViewCell.swift */; };
		03B7B5BF26A06A28005A5FF8 /* TinderViewController.swift in Sources */ = {isa = PBXBuildFile; fileRef = 03B7B5BE26A06A28005A5FF8 /* TinderViewController.swift */; };
		03B7B5C126A06F88005A5FF8 /* FilmService2.swift in Sources */ = {isa = PBXBuildFile; fileRef = 03B7B5C026A06F88005A5FF8 /* FilmService2.swift */; };
		03B7B5C526A6D17F005A5FF8 /* FilmDescriptionViewController2ViewController.swift in Sources */ = {isa = PBXBuildFile; fileRef = 03B7B5C426A6D17E005A5FF8 /* FilmDescriptionViewController2ViewController.swift */; };
		03B7B5C726A9A43E005A5FF8 /* SectionViewHeaderCollectionReusableView.swift in Sources */ = {isa = PBXBuildFile; fileRef = 03B7B5C626A9A43D005A5FF8 /* SectionViewHeaderCollectionReusableView.swift */; };
		03B7B5C926AAC4B7005A5FF8 /* ViewFilmsViewController.swift in Sources */ = {isa = PBXBuildFile; fileRef = 03B7B5C826AAC4B5005A5FF8 /* ViewFilmsViewController.swift */; };
		03B7B5CB26AB017E005A5FF8 /* FilmDescriptionViewController3ViewController.swift in Sources */ = {isa = PBXBuildFile; fileRef = 03B7B5CA26AB017C005A5FF8 /* FilmDescriptionViewController3ViewController.swift */; };
/* End PBXBuildFile section */

/* Begin PBXFileReference section */
		035DA8A7269C5434007E8A6E /* DateCustomCollectionViewCell.swift */ = {isa = PBXFileReference; lastKnownFileType = sourcecode.swift; path = DateCustomCollectionViewCell.swift; sourceTree = "<group>"; };
		036A83052696CE2800045A7A /* Cinema.app */ = {isa = PBXFileReference; explicitFileType = wrapper.application; includeInIndex = 0; path = Cinema.app; sourceTree = BUILT_PRODUCTS_DIR; };
		036A83082696CE2800045A7A /* AppDelegate.swift */ = {isa = PBXFileReference; lastKnownFileType = sourcecode.swift; path = AppDelegate.swift; sourceTree = "<group>"; };
		036A830A2696CE2800045A7A /* SceneDelegate.swift */ = {isa = PBXFileReference; lastKnownFileType = sourcecode.swift; path = SceneDelegate.swift; sourceTree = "<group>"; };
		036A830C2696CE2800045A7A /* ViewController.swift */ = {isa = PBXFileReference; lastKnownFileType = sourcecode.swift; path = ViewController.swift; sourceTree = "<group>"; };
		036A830F2696CE2800045A7A /* Base */ = {isa = PBXFileReference; lastKnownFileType = file.storyboard; name = Base; path = Base.lproj/Main.storyboard; sourceTree = "<group>"; };
		036A83122696CE2800045A7A /* Cinema.xcdatamodel */ = {isa = PBXFileReference; lastKnownFileType = wrapper.xcdatamodel; path = Cinema.xcdatamodel; sourceTree = "<group>"; };
		036A83142696CE3000045A7A /* Assets.xcassets */ = {isa = PBXFileReference; lastKnownFileType = folder.assetcatalog; path = Assets.xcassets; sourceTree = "<group>"; };
		036A83172696CE3000045A7A /* Base */ = {isa = PBXFileReference; lastKnownFileType = file.storyboard; name = Base; path = Base.lproj/LaunchScreen.storyboard; sourceTree = "<group>"; };
		036A83192696CE3000045A7A /* Info.plist */ = {isa = PBXFileReference; lastKnownFileType = text.plist.xml; path = Info.plist; sourceTree = "<group>"; };
		036A83232696CF5B00045A7A /* Film.swift */ = {isa = PBXFileReference; lastKnownFileType = sourcecode.swift; path = Film.swift; sourceTree = "<group>"; };
		036A83252696D02400045A7A /* FilmService.swift */ = {isa = PBXFileReference; lastKnownFileType = sourcecode.swift; path = FilmService.swift; sourceTree = "<group>"; };
		03ABB0C726981B4600E56E03 /* CustomCollectionViewCell.swift */ = {isa = PBXFileReference; lastKnownFileType = sourcecode.swift; path = CustomCollectionViewCell.swift; sourceTree = "<group>"; };
		03B7B5BE26A06A28005A5FF8 /* TinderViewController.swift */ = {isa = PBXFileReference; lastKnownFileType = sourcecode.swift; path = TinderViewController.swift; sourceTree = "<group>"; };
		03B7B5C026A06F88005A5FF8 /* FilmService2.swift */ = {isa = PBXFileReference; lastKnownFileType = sourcecode.swift; path = FilmService2.swift; sourceTree = "<group>"; };
		03B7B5C426A6D17E005A5FF8 /* FilmDescriptionViewController2ViewController.swift */ = {isa = PBXFileReference; lastKnownFileType = sourcecode.swift; path = FilmDescriptionViewController2ViewController.swift; sourceTree = "<group>"; };
		03B7B5C626A9A43D005A5FF8 /* SectionViewHeaderCollectionReusableView.swift */ = {isa = PBXFileReference; lastKnownFileType = sourcecode.swift; path = SectionViewHeaderCollectionReusableView.swift; sourceTree = "<group>"; };
		03B7B5C826AAC4B5005A5FF8 /* ViewFilmsViewController.swift */ = {isa = PBXFileReference; lastKnownFileType = sourcecode.swift; path = ViewFilmsViewController.swift; sourceTree = "<group>"; };
		03B7B5CA26AB017C005A5FF8 /* FilmDescriptionViewController3ViewController.swift */ = {isa = PBXFileReference; lastKnownFileType = sourcecode.swift; path = FilmDescriptionViewController3ViewController.swift; sourceTree = "<group>"; };
/* End PBXFileReference section */

/* Begin PBXFrameworksBuildPhase section */
		036A83022696CE2800045A7A /* Frameworks */ = {
			isa = PBXFrameworksBuildPhase;
			buildActionMask = 2147483647;
			files = (
			);
			runOnlyForDeploymentPostprocessing = 0;
		};
/* End PBXFrameworksBuildPhase section */

/* Begin PBXGroup section */
		036A82FC2696CE2800045A7A = {
			isa = PBXGroup;
			children = (
				036A83072696CE2800045A7A /* Cinema */,
				036A83062696CE2800045A7A /* Products */,
			);
			sourceTree = "<group>";
		};
		036A83062696CE2800045A7A /* Products */ = {
			isa = PBXGroup;
			children = (
				036A83052696CE2800045A7A /* Cinema.app */,
			);
			name = Products;
			sourceTree = "<group>";
		};
		036A83072696CE2800045A7A /* Cinema */ = {
			isa = PBXGroup;
			children = (
				036A831F2696CE7D00045A7A /* MODEL */,
				036A83202696CE8200045A7A /* VIEW */,
				036A83212696CE8A00045A7A /* CONTROLLER */,
				036A83192696CE3000045A7A /* Info.plist */,
				036A83222696CF1B00045A7A /* SUPPORTING FILES */,
				036A83112696CE2800045A7A /* Cinema.xcdatamodeld */,
			);
			path = Cinema;
			sourceTree = "<group>";
		};
		036A831F2696CE7D00045A7A /* MODEL */ = {
			isa = PBXGroup;
			children = (
				036A83232696CF5B00045A7A /* Film.swift */,
				036A83252696D02400045A7A /* FilmService.swift */,
				03B7B5C026A06F88005A5FF8 /* FilmService2.swift */,
				03ABB0C726981B4600E56E03 /* CustomCollectionViewCell.swift */,
				035DA8A7269C5434007E8A6E /* DateCustomCollectionViewCell.swift */,
				03B7B5C626A9A43D005A5FF8 /* SectionViewHeaderCollectionReusableView.swift */,
			);
			path = MODEL;
			sourceTree = "<group>";
		};
		036A83202696CE8200045A7A /* VIEW */ = {
			isa = PBXGroup;
			children = (
				036A83162696CE3000045A7A /* LaunchScreen.storyboard */,
				036A830E2696CE2800045A7A /* Main.storyboard */,
			);
			path = VIEW;
			sourceTree = "<group>";
		};
		036A83212696CE8A00045A7A /* CONTROLLER */ = {
			isa = PBXGroup;
			children = (
				036A830C2696CE2800045A7A /* ViewController.swift */,
				03B7B5C826AAC4B5005A5FF8 /* ViewFilmsViewController.swift */,
				03B7B5CA26AB017C005A5FF8 /* FilmDescriptionViewController3ViewController.swift */,
				03B7B5BE26A06A28005A5FF8 /* TinderViewController.swift */,
				03B7B5C426A6D17E005A5FF8 /* FilmDescriptionViewController2ViewController.swift */,
			);
			path = CONTROLLER;
			sourceTree = "<group>";
		};
		036A83222696CF1B00045A7A /* SUPPORTING FILES */ = {
			isa = PBXGroup;
			children = (
				036A83082696CE2800045A7A /* AppDelegate.swift */,
				036A830A2696CE2800045A7A /* SceneDelegate.swift */,
				036A83142696CE3000045A7A /* Assets.xcassets */,
			);
			path = "SUPPORTING FILES";
			sourceTree = "<group>";
		};
/* End PBXGroup section */

/* Begin PBXNativeTarget section */
		036A83042696CE2800045A7A /* Cinema */ = {
			isa = PBXNativeTarget;
			buildConfigurationList = 036A831C2696CE3000045A7A /* Build configuration list for PBXNativeTarget "Cinema" */;
			buildPhases = (
				036A83012696CE2800045A7A /* Sources */,
				036A83022696CE2800045A7A /* Frameworks */,
				036A83032696CE2800045A7A /* Resources */,
			);
			buildRules = (
			);
			dependencies = (
			);
			name = Cinema;
			productName = Cinema;
			productReference = 036A83052696CE2800045A7A /* Cinema.app */;
			productType = "com.apple.product-type.application";
		};
/* End PBXNativeTarget section */

/* Begin PBXProject section */
		036A82FD2696CE2800045A7A /* Project object */ = {
			isa = PBXProject;
			attributes = {
				LastSwiftUpdateCheck = 1250;
				LastUpgradeCheck = 1250;
				TargetAttributes = {
					036A83042696CE2800045A7A = {
						CreatedOnToolsVersion = 12.5;
					};
				};
			};
			buildConfigurationList = 036A83002696CE2800045A7A /* Build configuration list for PBXProject "Cinema" */;
			compatibilityVersion = "Xcode 9.3";
			developmentRegion = en;
			hasScannedForEncodings = 0;
			knownRegions = (
				en,
				Base,
			);
			mainGroup = 036A82FC2696CE2800045A7A;
			productRefGroup = 036A83062696CE2800045A7A /* Products */;
			projectDirPath = "";
			projectRoot = "";
			targets = (
				036A83042696CE2800045A7A /* Cinema */,
			);
		};
/* End PBXProject section */

/* Begin PBXResourcesBuildPhase section */
		036A83032696CE2800045A7A /* Resources */ = {
			isa = PBXResourcesBuildPhase;
			buildActionMask = 2147483647;
			files = (
				036A83182696CE3000045A7A /* LaunchScreen.storyboard in Resources */,
				036A83152696CE3000045A7A /* Assets.xcassets in Resources */,
				036A83102696CE2800045A7A /* Main.storyboard in Resources */,
			);
			runOnlyForDeploymentPostprocessing = 0;
		};
/* End PBXResourcesBuildPhase section */

/* Begin PBXSourcesBuildPhase section */
		036A83012696CE2800045A7A /* Sources */ = {
			isa = PBXSourcesBuildPhase;
			buildActionMask = 2147483647;
			files = (
				036A83242696CF5B00045A7A /* Film.swift in Sources */,
				035DA8A8269C5434007E8A6E /* DateCustomCollectionViewCell.swift in Sources */,
				03ABB0C826981B4600E56E03 /* CustomCollectionViewCell.swift in Sources */,
				03B7B5C726A9A43E005A5FF8 /* SectionViewHeaderCollectionReusableView.swift in Sources */,
				036A83132696CE2800045A7A /* Cinema.xcdatamodeld in Sources */,
				036A830D2696CE2800045A7A /* ViewController.swift in Sources */,
				03B7B5C926AAC4B7005A5FF8 /* ViewFilmsViewController.swift in Sources */,
				036A83262696D02400045A7A /* FilmService.swift in Sources */,
				03B7B5CB26AB017E005A5FF8 /* FilmDescriptionViewController3ViewController.swift in Sources */,
				036A83092696CE2800045A7A /* AppDelegate.swift in Sources */,
				036A830B2696CE2800045A7A /* SceneDelegate.swift in Sources */,
				03B7B5C526A6D17F005A5FF8 /* FilmDescriptionViewController2ViewController.swift in Sources */,
				03B7B5C126A06F88005A5FF8 /* FilmService2.swift in Sources */,
				03B7B5BF26A06A28005A5FF8 /* TinderViewController.swift in Sources */,
			);
			runOnlyForDeploymentPostprocessing = 0;
		};
/* End PBXSourcesBuildPhase section */

/* Begin PBXVariantGroup section */
		036A830E2696CE2800045A7A /* Main.storyboard */ = {
			isa = PBXVariantGroup;
			children = (
				036A830F2696CE2800045A7A /* Base */,
			);
			name = Main.storyboard;
			sourceTree = "<group>";
		};
		036A83162696CE3000045A7A /* LaunchScreen.storyboard */ = {
			isa = PBXVariantGroup;
			children = (
				036A83172696CE3000045A7A /* Base */,
			);
			name = LaunchScreen.storyboard;
			sourceTree = "<group>";
		};
/* End PBXVariantGroup section */

/* Begin XCBuildConfiguration section */
		036A831A2696CE3000045A7A /* Debug */ = {
			isa = XCBuildConfiguration;
			buildSettings = {
				ALWAYS_SEARCH_USER_PATHS = NO;
				CLANG_ANALYZER_NONNULL = YES;
				CLANG_ANALYZER_NUMBER_OBJECT_CONVERSION = YES_AGGRESSIVE;
				CLANG_CXX_LANGUAGE_STANDARD = "gnu++14";
				CLANG_CXX_LIBRARY = "libc++";
				CLANG_ENABLE_MODULES = YES;
				CLANG_ENABLE_OBJC_ARC = YES;
				CLANG_ENABLE_OBJC_WEAK = YES;
				CLANG_WARN_BLOCK_CAPTURE_AUTORELEASING = YES;
				CLANG_WARN_BOOL_CONVERSION = YES;
				CLANG_WARN_COMMA = YES;
				CLANG_WARN_CONSTANT_CONVERSION = YES;
				CLANG_WARN_DEPRECATED_OBJC_IMPLEMENTATIONS = YES;
				CLANG_WARN_DIRECT_OBJC_ISA_USAGE = YES_ERROR;
				CLANG_WARN_DOCUMENTATION_COMMENTS = YES;
				CLANG_WARN_EMPTY_BODY = YES;
				CLANG_WARN_ENUM_CONVERSION = YES;
				CLANG_WARN_INFINITE_RECURSION = YES;
				CLANG_WARN_INT_CONVERSION = YES;
				CLANG_WARN_NON_LITERAL_NULL_CONVERSION = YES;
				CLANG_WARN_OBJC_IMPLICIT_RETAIN_SELF = YES;
				CLANG_WARN_OBJC_LITERAL_CONVERSION = YES;
				CLANG_WARN_OBJC_ROOT_CLASS = YES_ERROR;
				CLANG_WARN_QUOTED_INCLUDE_IN_FRAMEWORK_HEADER = YES;
				CLANG_WARN_RANGE_LOOP_ANALYSIS = YES;
				CLANG_WARN_STRICT_PROTOTYPES = YES;
				CLANG_WARN_SUSPICIOUS_MOVE = YES;
				CLANG_WARN_UNGUARDED_AVAILABILITY = YES_AGGRESSIVE;
				CLANG_WARN_UNREACHABLE_CODE = YES;
				CLANG_WARN__DUPLICATE_METHOD_MATCH = YES;
				COPY_PHASE_STRIP = NO;
				DEBUG_INFORMATION_FORMAT = dwarf;
				ENABLE_STRICT_OBJC_MSGSEND = YES;
				ENABLE_TESTABILITY = YES;
				GCC_C_LANGUAGE_STANDARD = gnu11;
				GCC_DYNAMIC_NO_PIC = NO;
				GCC_NO_COMMON_BLOCKS = YES;
				GCC_OPTIMIZATION_LEVEL = 0;
				GCC_PREPROCESSOR_DEFINITIONS = (
					"DEBUG=1",
					"$(inherited)",
				);
				GCC_WARN_64_TO_32_BIT_CONVERSION = YES;
				GCC_WARN_ABOUT_RETURN_TYPE = YES_ERROR;
				GCC_WARN_UNDECLARED_SELECTOR = YES;
				GCC_WARN_UNINITIALIZED_AUTOS = YES_AGGRESSIVE;
				GCC_WARN_UNUSED_FUNCTION = YES;
				GCC_WARN_UNUSED_VARIABLE = YES;
				IPHONEOS_DEPLOYMENT_TARGET = 14.5;
				MTL_ENABLE_DEBUG_INFO = INCLUDE_SOURCE;
				MTL_FAST_MATH = YES;
				ONLY_ACTIVE_ARCH = YES;
				SDKROOT = iphoneos;
				SWIFT_ACTIVE_COMPILATION_CONDITIONS = DEBUG;
				SWIFT_OPTIMIZATION_LEVEL = "-Onone";
			};
			name = Debug;
		};
		036A831B2696CE3000045A7A /* Release */ = {
			isa = XCBuildConfiguration;
			buildSettings = {
				ALWAYS_SEARCH_USER_PATHS = NO;
				CLANG_ANALYZER_NONNULL = YES;
				CLANG_ANALYZER_NUMBER_OBJECT_CONVERSION = YES_AGGRESSIVE;
				CLANG_CXX_LANGUAGE_STANDARD = "gnu++14";
				CLANG_CXX_LIBRARY = "libc++";
				CLANG_ENABLE_MODULES = YES;
				CLANG_ENABLE_OBJC_ARC = YES;
				CLANG_ENABLE_OBJC_WEAK = YES;
				CLANG_WARN_BLOCK_CAPTURE_AUTORELEASING = YES;
				CLANG_WARN_BOOL_CONVERSION = YES;
				CLANG_WARN_COMMA = YES;
				CLANG_WARN_CONSTANT_CONVERSION = YES;
				CLANG_WARN_DEPRECATED_OBJC_IMPLEMENTATIONS = YES;
				CLANG_WARN_DIRECT_OBJC_ISA_USAGE = YES_ERROR;
				CLANG_WARN_DOCUMENTATION_COMMENTS = YES;
				CLANG_WARN_EMPTY_BODY = YES;
				CLANG_WARN_ENUM_CONVERSION = YES;
				CLANG_WARN_INFINITE_RECURSION = YES;
				CLANG_WARN_INT_CONVERSION = YES;
				CLANG_WARN_NON_LITERAL_NULL_CONVERSION = YES;
				CLANG_WARN_OBJC_IMPLICIT_RETAIN_SELF = YES;
				CLANG_WARN_OBJC_LITERAL_CONVERSION = YES;
				CLANG_WARN_OBJC_ROOT_CLASS = YES_ERROR;
				CLANG_WARN_QUOTED_INCLUDE_IN_FRAMEWORK_HEADER = YES;
				CLANG_WARN_RANGE_LOOP_ANALYSIS = YES;
				CLANG_WARN_STRICT_PROTOTYPES = YES;
				CLANG_WARN_SUSPICIOUS_MOVE = YES;
				CLANG_WARN_UNGUARDED_AVAILABILITY = YES_AGGRESSIVE;
				CLANG_WARN_UNREACHABLE_CODE = YES;
				CLANG_WARN__DUPLICATE_METHOD_MATCH = YES;
				COPY_PHASE_STRIP = NO;
				DEBUG_INFORMATION_FORMAT = "dwarf-with-dsym";
				ENABLE_NS_ASSERTIONS = NO;
				ENABLE_STRICT_OBJC_MSGSEND = YES;
				GCC_C_LANGUAGE_STANDARD = gnu11;
				GCC_NO_COMMON_BLOCKS = YES;
				GCC_WARN_64_TO_32_BIT_CONVERSION = YES;
				GCC_WARN_ABOUT_RETURN_TYPE = YES_ERROR;
				GCC_WARN_UNDECLARED_SELECTOR = YES;
				GCC_WARN_UNINITIALIZED_AUTOS = YES_AGGRESSIVE;
				GCC_WARN_UNUSED_FUNCTION = YES;
				GCC_WARN_UNUSED_VARIABLE = YES;
				IPHONEOS_DEPLOYMENT_TARGET = 14.5;
				MTL_ENABLE_DEBUG_INFO = NO;
				MTL_FAST_MATH = YES;
				SDKROOT = iphoneos;
				SWIFT_COMPILATION_MODE = wholemodule;
				SWIFT_OPTIMIZATION_LEVEL = "-O";
				VALIDATE_PRODUCT = YES;
			};
			name = Release;
		};
		036A831D2696CE3000045A7A /* Debug */ = {
			isa = XCBuildConfiguration;
			buildSettings = {
				ASSETCATALOG_COMPILER_APPICON_NAME = AppIcon;
				ASSETCATALOG_COMPILER_GLOBAL_ACCENT_COLOR_NAME = AccentColor;
				CODE_SIGN_STYLE = Automatic;
				DEVELOPMENT_TEAM = 6NVH37G35U;
				INFOPLIST_FILE = Cinema/Info.plist;
				LD_RUNPATH_SEARCH_PATHS = (
					"$(inherited)",
					"@executable_path/Frameworks",
				);
				PRODUCT_BUNDLE_IDENTIFIER = AC.Cinema;
				PRODUCT_NAME = "$(TARGET_NAME)";
				SWIFT_VERSION = 5.0;
				TARGETED_DEVICE_FAMILY = "1,2";
			};
			name = Debug;
		};
		036A831E2696CE3000045A7A /* Release */ = {
			isa = XCBuildConfiguration;
			buildSettings = {
				ASSETCATALOG_COMPILER_APPICON_NAME = AppIcon;
				ASSETCATALOG_COMPILER_GLOBAL_ACCENT_COLOR_NAME = AccentColor;
				CODE_SIGN_STYLE = Automatic;
				DEVELOPMENT_TEAM = 6NVH37G35U;
				INFOPLIST_FILE = Cinema/Info.plist;
				LD_RUNPATH_SEARCH_PATHS = (
					"$(inherited)",
					"@executable_path/Frameworks",
				);
				PRODUCT_BUNDLE_IDENTIFIER = AC.Cinema;
				PRODUCT_NAME = "$(TARGET_NAME)";
				SWIFT_VERSION = 5.0;
				TARGETED_DEVICE_FAMILY = "1,2";
			};
			name = Release;
		};
/* End XCBuildConfiguration section */

/* Begin XCConfigurationList section */
		036A83002696CE2800045A7A /* Build configuration list for PBXProject "Cinema" */ = {
			isa = XCConfigurationList;
			buildConfigurations = (
				036A831A2696CE3000045A7A /* Debug */,
				036A831B2696CE3000045A7A /* Release */,
			);
			defaultConfigurationIsVisible = 0;
			defaultConfigurationName = Release;
		};
		036A831C2696CE3000045A7A /* Build configuration list for PBXNativeTarget "Cinema" */ = {
			isa = XCConfigurationList;
			buildConfigurations = (
				036A831D2696CE3000045A7A /* Debug */,
				036A831E2696CE3000045A7A /* Release */,
			);
			defaultConfigurationIsVisible = 0;
			defaultConfigurationName = Release;
		};
/* End XCConfigurationList section */

/* Begin XCVersionGroup section */
		036A83112696CE2800045A7A /* Cinema.xcdatamodeld */ = {
			isa = XCVersionGroup;
			children = (
				036A83122696CE2800045A7A /* Cinema.xcdatamodel */,
			);
			currentVersion = 036A83122696CE2800045A7A /* Cinema.xcdatamodel */;
			path = Cinema.xcdatamodeld;
			sourceTree = "<group>";
			versionGroupType = wrapper.xcdatamodel;
		};
/* End XCVersionGroup section */
	};
	rootObject = 036A82FD2696CE2800045A7A /* Project object */;
}
